// !$*UTF8*$!
{
	archiveVersion = 1;
	classes = {
	};
	objectVersion = 46;
	objects = {

/* Begin PBXBuildFile section */
		C03CC2511ABF55E200D5E6A1 /* main.m in Sources */ = {isa = PBXBuildFile; fileRef = C03CC2501ABF55E200D5E6A1 /* main.m */; };
		C03CC2541ABF55E200D5E6A1 /* AppDelegate.m in Sources */ = {isa = PBXBuildFile; fileRef = C03CC2531ABF55E200D5E6A1 /* AppDelegate.m */; };
		C03CC2571ABF55E200D5E6A1 /* ViewController.m in Sources */ = {isa = PBXBuildFile; fileRef = C03CC2561ABF55E200D5E6A1 /* ViewController.m */; };
		C03CC25A1ABF55E200D5E6A1 /* Main.storyboard in Resources */ = {isa = PBXBuildFile; fileRef = C03CC2581ABF55E200D5E6A1 /* Main.storyboard */; };
		C03CC25C1ABF55E200D5E6A1 /* Images.xcassets in Resources */ = {isa = PBXBuildFile; fileRef = C03CC25B1ABF55E200D5E6A1 /* Images.xcassets */; };
		C03CC25F1ABF55E200D5E6A1 /* LaunchScreen.xib in Resources */ = {isa = PBXBuildFile; fileRef = C03CC25D1ABF55E200D5E6A1 /* LaunchScreen.xib */; };
		C03CC26B1ABF55E200D5E6A1 /* tldrCongressTests.m in Sources */ = {isa = PBXBuildFile; fileRef = C03CC26A1ABF55E200D5E6A1 /* tldrCongressTests.m */; };
/* End PBXBuildFile section */

/* Begin PBXContainerItemProxy section */
		C03CC2651ABF55E200D5E6A1 /* PBXContainerItemProxy */ = {
			isa = PBXContainerItemProxy;
			containerPortal = C03CC2431ABF55E200D5E6A1 /* Project object */;
			proxyType = 1;
			remoteGlobalIDString = C03CC24A1ABF55E200D5E6A1;
			remoteInfo = tldrCongress;
		};
/* End PBXContainerItemProxy section */

/* Begin PBXFileReference section */
		C03CC24B1ABF55E200D5E6A1 /* tldrCongress.app */ = {isa = PBXFileReference; explicitFileType = wrapper.application; includeInIndex = 0; path = tldrCongress.app; sourceTree = BUILT_PRODUCTS_DIR; };
		C03CC24F1ABF55E200D5E6A1 /* Info.plist */ = {isa = PBXFileReference; lastKnownFileType = text.plist.xml; path = Info.plist; sourceTree = "<group>"; };
		C03CC2501ABF55E200D5E6A1 /* main.m */ = {isa = PBXFileReference; lastKnownFileType = sourcecode.c.objc; path = main.m; sourceTree = "<group>"; };
		C03CC2521ABF55E200D5E6A1 /* AppDelegate.h */ = {isa = PBXFileReference; lastKnownFileType = sourcecode.c.h; path = AppDelegate.h; sourceTree = "<group>"; };
		C03CC2531ABF55E200D5E6A1 /* AppDelegate.m */ = {isa = PBXFileReference; lastKnownFileType = sourcecode.c.objc; path = AppDelegate.m; sourceTree = "<group>"; };
		C03CC2551ABF55E200D5E6A1 /* ViewController.h */ = {isa = PBXFileReference; lastKnownFileType = sourcecode.c.h; path = ViewController.h; sourceTree = "<group>"; };
		C03CC2561ABF55E200D5E6A1 /* ViewController.m */ = {isa = PBXFileReference; lastKnownFileType = sourcecode.c.objc; path = ViewController.m; sourceTree = "<group>"; };
		C03CC2591ABF55E200D5E6A1 /* Base */ = {isa = PBXFileReference; lastKnownFileType = file.storyboard; name = Base; path = Base.lproj/Main.storyboard; sourceTree = "<group>"; };
		C03CC25B1ABF55E200D5E6A1 /* Images.xcassets */ = {isa = PBXFileReference; lastKnownFileType = folder.assetcatalog; path = Images.xcassets; sourceTree = "<group>"; };
		C03CC25E1ABF55E200D5E6A1 /* Base */ = {isa = PBXFileReference; lastKnownFileType = file.xib; name = Base; path = Base.lproj/LaunchScreen.xib; sourceTree = "<group>"; };
		C03CC2641ABF55E200D5E6A1 /* tldrCongressTests.xctest */ = {isa = PBXFileReference; explicitFileType = wrapper.cfbundle; includeInIndex = 0; path = tldrCongressTests.xctest; sourceTree = BUILT_PRODUCTS_DIR; };
		C03CC2691ABF55E200D5E6A1 /* Info.plist */ = {isa = PBXFileReference; lastKnownFileType = text.plist.xml; path = Info.plist; sourceTree = "<group>"; };
		C03CC26A1ABF55E200D5E6A1 /* tldrCongressTests.m */ = {isa = PBXFileReference; lastKnownFileType = sourcecode.c.objc; path = tldrCongressTests.m; sourceTree = "<group>"; };
/* End PBXFileReference section */

/* Begin PBXFrameworksBuildPhase section */
		C03CC2481ABF55E200D5E6A1 /* Frameworks */ = {
			isa = PBXFrameworksBuildPhase;
			buildActionMask = 2147483647;
			files = (
			);
			runOnlyForDeploymentPostprocessing = 0;
		};
		C03CC2611ABF55E200D5E6A1 /* Frameworks */ = {
			isa = PBXFrameworksBuildPhase;
			buildActionMask = 2147483647;
			files = (
			);
			runOnlyForDeploymentPostprocessing = 0;
		};
/* End PBXFrameworksBuildPhase section */

/* Begin PBXGroup section */
		C03CC2421ABF55E200D5E6A1 = {
			isa = PBXGroup;
			children = (
				C03CC24D1ABF55E200D5E6A1 /* tldrCongress */,
				C03CC2671ABF55E200D5E6A1 /* tldrCongressTests */,
				C03CC24C1ABF55E200D5E6A1 /* Products */,
			);
			sourceTree = "<group>";
		};
		C03CC24C1ABF55E200D5E6A1 /* Products */ = {
			isa = PBXGroup;
			children = (
				C03CC24B1ABF55E200D5E6A1 /* tldrCongress.app */,
				C03CC2641ABF55E200D5E6A1 /* tldrCongressTests.xctest */,
			);
			name = Products;
			sourceTree = "<group>";
		};
		C03CC24D1ABF55E200D5E6A1 /* tldrCongress */ = {
			isa = PBXGroup;
			children = (
				C03CC2521ABF55E200D5E6A1 /* AppDelegate.h */,
				C03CC2531ABF55E200D5E6A1 /* AppDelegate.m */,
				C03CC2551ABF55E200D5E6A1 /* ViewController.h */,
				C03CC2561ABF55E200D5E6A1 /* ViewController.m */,
				C03CC2581ABF55E200D5E6A1 /* Main.storyboard */,
				C03CC25B1ABF55E200D5E6A1 /* Images.xcassets */,
				C03CC25D1ABF55E200D5E6A1 /* LaunchScreen.xib */,
				C03CC24E1ABF55E200D5E6A1 /* Supporting Files */,
			);
			path = tldrCongress;
			sourceTree = "<group>";
		};
		C03CC24E1ABF55E200D5E6A1 /* Supporting Files */ = {
			isa = PBXGroup;
			children = (
				C03CC24F1ABF55E200D5E6A1 /* Info.plist */,
				C03CC2501ABF55E200D5E6A1 /* main.m */,
			);
			name = "Supporting Files";
			sourceTree = "<group>";
		};
		C03CC2671ABF55E200D5E6A1 /* tldrCongressTests */ = {
			isa = PBXGroup;
			children = (
				C03CC26A1ABF55E200D5E6A1 /* tldrCongressTests.m */,
				C03CC2681ABF55E200D5E6A1 /* Supporting Files */,
			);
			path = tldrCongressTests;
			sourceTree = "<group>";
		};
		C03CC2681ABF55E200D5E6A1 /* Supporting Files */ = {
			isa = PBXGroup;
			children = (
				C03CC2691ABF55E200D5E6A1 /* Info.plist */,
			);
			name = "Supporting Files";
			sourceTree = "<group>";
		};
/* End PBXGroup section */

/* Begin PBXNativeTarget section */
		C03CC24A1ABF55E200D5E6A1 /* tldrCongress */ = {
			isa = PBXNativeTarget;
			buildConfigurationList = C03CC26E1ABF55E200D5E6A1 /* Build configuration list for PBXNativeTarget "tldrCongress" */;
			buildPhases = (
				C03CC2471ABF55E200D5E6A1 /* Sources */,
				C03CC2481ABF55E200D5E6A1 /* Frameworks */,
				C03CC2491ABF55E200D5E6A1 /* Resources */,
			);
			buildRules = (
			);
			dependencies = (
			);
			name = tldrCongress;
			productName = tldrCongress;
			productReference = C03CC24B1ABF55E200D5E6A1 /* tldrCongress.app */;
			productType = "com.apple.product-type.application";
		};
		C03CC2631ABF55E200D5E6A1 /* tldrCongressTests */ = {
			isa = PBXNativeTarget;
			buildConfigurationList = C03CC2711ABF55E200D5E6A1 /* Build configuration list for PBXNativeTarget "tldrCongressTests" */;
			buildPhases = (
				C03CC2601ABF55E200D5E6A1 /* Sources */,
				C03CC2611ABF55E200D5E6A1 /* Frameworks */,
				C03CC2621ABF55E200D5E6A1 /* Resources */,
			);
			buildRules = (
			);
			dependencies = (
				C03CC2661ABF55E200D5E6A1 /* PBXTargetDependency */,
			);
			name = tldrCongressTests;
			productName = tldrCongressTests;
			productReference = C03CC2641ABF55E200D5E6A1 /* tldrCongressTests.xctest */;
			productType = "com.apple.product-type.bundle.unit-test";
		};
/* End PBXNativeTarget section */

/* Begin PBXProject section */
		C03CC2431ABF55E200D5E6A1 /* Project object */ = {
			isa = PBXProject;
			attributes = {
				LastUpgradeCheck = 0620;
				ORGANIZATIONNAME = "Carticipate, Inc.";
				TargetAttributes = {
					C03CC24A1ABF55E200D5E6A1 = {
						CreatedOnToolsVersion = 6.2;
					};
					C03CC2631ABF55E200D5E6A1 = {
						CreatedOnToolsVersion = 6.2;
						TestTargetID = C03CC24A1ABF55E200D5E6A1;
					};
				};
			};
			buildConfigurationList = C03CC2461ABF55E200D5E6A1 /* Build configuration list for PBXProject "tldrCongress" */;
			compatibilityVersion = "Xcode 3.2";
			developmentRegion = English;
			hasScannedForEncodings = 0;
			knownRegions = (
				en,
				Base,
			);
			mainGroup = C03CC2421ABF55E200D5E6A1;
			productRefGroup = C03CC24C1ABF55E200D5E6A1 /* Products */;
			projectDirPath = "";
			projectRoot = "";
			targets = (
				C03CC24A1ABF55E200D5E6A1 /* tldrCongress */,
				C03CC2631ABF55E200D5E6A1 /* tldrCongressTests */,
			);
		};
/* End PBXProject section */

/* Begin PBXResourcesBuildPhase section */
		C03CC2491ABF55E200D5E6A1 /* Resources */ = {
			isa = PBXResourcesBuildPhase;
			buildActionMask = 2147483647;
			files = (
				C03CC25A1ABF55E200D5E6A1 /* Main.storyboard in Resources */,
				C03CC25F1ABF55E200D5E6A1 /* LaunchScreen.xib in Resources */,
				C03CC25C1ABF55E200D5E6A1 /* Images.xcassets in Resources */,
			);
			runOnlyForDeploymentPostprocessing = 0;
		};
		C03CC2621ABF55E200D5E6A1 /* Resources */ = {
			isa = PBXResourcesBuildPhase;
			buildActionMask = 2147483647;
			files = (
			);
			runOnlyForDeploymentPostprocessing = 0;
		};
/* End PBXResourcesBuildPhase section */

/* Begin PBXSourcesBuildPhase section */
		C03CC2471ABF55E200D5E6A1 /* Sources */ = {
			isa = PBXSourcesBuildPhase;
			buildActionMask = 2147483647;
			files = (
				C03CC2571ABF55E200D5E6A1 /* ViewController.m in Sources */,
				C03CC2541ABF55E200D5E6A1 /* AppDelegate.m in Sources */,
				C03CC2511ABF55E200D5E6A1 /* main.m in Sources */,
			);
			runOnlyForDeploymentPostprocessing = 0;
		};
		C03CC2601ABF55E200D5E6A1 /* Sources */ = {
			isa = PBXSourcesBuildPhase;
			buildActionMask = 2147483647;
			files = (
				C03CC26B1ABF55E200D5E6A1 /* tldrCongressTests.m in Sources */,
			);
			runOnlyForDeploymentPostprocessing = 0;
		};
/* End PBXSourcesBuildPhase section */

/* Begin PBXTargetDependency section */
		C03CC2661ABF55E200D5E6A1 /* PBXTargetDependency */ = {
			isa = PBXTargetDependency;
			target = C03CC24A1ABF55E200D5E6A1 /* tldrCongress */;
			targetProxy = C03CC2651ABF55E200D5E6A1 /* PBXContainerItemProxy */;
		};
/* End PBXTargetDependency section */

/* Begin PBXVariantGroup section */
		C03CC2581ABF55E200D5E6A1 /* Main.storyboard */ = {
			isa = PBXVariantGroup;
			children = (
				C03CC2591ABF55E200D5E6A1 /* Base */,
			);
			name = Main.storyboard;
			sourceTree = "<group>";
		};
		C03CC25D1ABF55E200D5E6A1 /* LaunchScreen.xib */ = {
			isa = PBXVariantGroup;
			children = (
				C03CC25E1ABF55E200D5E6A1 /* Base */,
			);
			name = LaunchScreen.xib;
			sourceTree = "<group>";
		};
/* End PBXVariantGroup section */

/* Begin XCBuildConfiguration section */
		C03CC26C1ABF55E200D5E6A1 /* Debug */ = {
			isa = XCBuildConfiguration;
			buildSettings = {
				ALWAYS_SEARCH_USER_PATHS = NO;
				CLANG_CXX_LANGUAGE_STANDARD = "gnu++0x";
				CLANG_CXX_LIBRARY = "libc++";
				CLANG_ENABLE_MODULES = YES;
				CLANG_ENABLE_OBJC_ARC = YES;
				CLANG_WARN_BOOL_CONVERSION = YES;
				CLANG_WARN_CONSTANT_CONVERSION = YES;
				CLANG_WARN_DIRECT_OBJC_ISA_USAGE = YES_ERROR;
				CLANG_WARN_EMPTY_BODY = YES;
				CLANG_WARN_ENUM_CONVERSION = YES;
				CLANG_WARN_INT_CONVERSION = YES;
				CLANG_WARN_OBJC_ROOT_CLASS = YES_ERROR;
				CLANG_WARN_UNREACHABLE_CODE = YES;
				CLANG_WARN__DUPLICATE_METHOD_MATCH = YES;
				"CODE_SIGN_IDENTITY[sdk=iphoneos*]" = "iPhone Developer";
				COPY_PHASE_STRIP = NO;
				ENABLE_STRICT_OBJC_MSGSEND = YES;
				GCC_C_LANGUAGE_STANDARD = gnu99;
				GCC_DYNAMIC_NO_PIC = NO;
				GCC_OPTIMIZATION_LEVEL = 0;
				GCC_PREPROCESSOR_DEFINITIONS = (
					"DEBUG=1",
					"$(inherited)",
				);
				GCC_SYMBOLS_PRIVATE_EXTERN = NO;
				GCC_WARN_64_TO_32_BIT_CONVERSION = YES;
				GCC_WARN_ABOUT_RETURN_TYPE = YES_ERROR;
				GCC_WARN_UNDECLARED_SELECTOR = YES;
				GCC_WARN_UNINITIALIZED_AUTOS = YES_AGGRESSIVE;
				GCC_WARN_UNUSED_FUNCTION = YES;
				GCC_WARN_UNUSED_VARIABLE = YES;
				IPHONEOS_DEPLOYMENT_TARGET = 8.2;
				MTL_ENABLE_DEBUG_INFO = YES;
				ONLY_ACTIVE_ARCH = YES;
				SDKROOT = iphoneos;
				TARGETED_DEVICE_FAMILY = "1,2";
			};
			name = Debug;
		};
		C03CC26D1ABF55E200D5E6A1 /* Release */ = {
			isa = XCBuildConfiguration;
			buildSettings = {
				ALWAYS_SEARCH_USER_PATHS = NO;
				CLANG_CXX_LANGUAGE_STANDARD = "gnu++0x";
				CLANG_CXX_LIBRARY = "libc++";
				CLANG_ENABLE_MODULES = YES;
				CLANG_ENABLE_OBJC_ARC = YES;
				CLANG_WARN_BOOL_CONVERSION = YES;
				CLANG_WARN_CONSTANT_CONVERSION = YES;
				CLANG_WARN_DIRECT_OBJC_ISA_USAGE = YES_ERROR;
				CLANG_WARN_EMPTY_BODY = YES;
				CLANG_WARN_ENUM_CONVERSION = YES;
				CLANG_WARN_INT_CONVERSION = YES;
				CLANG_WARN_OBJC_ROOT_CLASS = YES_ERROR;
				CLANG_WARN_UNREACHABLE_CODE = YES;
				CLANG_WARN__DUPLICATE_METHOD_MATCH = YES;
				"CODE_SIGN_IDENTITY[sdk=iphoneos*]" = "iPhone Developer";
				COPY_PHASE_STRIP = NO;
				ENABLE_NS_ASSERTIONS = NO;
				ENABLE_STRICT_OBJC_MSGSEND = YES;
				GCC_C_LANGUAGE_STANDARD = gnu99;
				GCC_WARN_64_TO_32_BIT_CONVERSION = YES;
				GCC_WARN_ABOUT_RETURN_TYPE = YES_ERROR;
				GCC_WARN_UNDECLARED_SELECTOR = YES;
				GCC_WARN_UNINITIALIZED_AUTOS = YES_AGGRESSIVE;
				GCC_WARN_UNUSED_FUNCTION = YES;
				GCC_WARN_UNUSED_VARIABLE = YES;
				IPHONEOS_DEPLOYMENT_TARGET = 8.2;
				MTL_ENABLE_DEBUG_INFO = NO;
				SDKROOT = iphoneos;
				TARGETED_DEVICE_FAMILY = "1,2";
				VALIDATE_PRODUCT = YES;
			};
			name = Release;
		};
		C03CC26F1ABF55E200D5E6A1 /* Debug */ = {
			isa = XCBuildConfiguration;
			buildSettings = {
				ASSETCATALOG_COMPILER_APPICON_NAME = AppIcon;
				INFOPLIST_FILE = tldrCongress/Info.plist;
				LD_RUNPATH_SEARCH_PATHS = "$(inherited) @executable_path/Frameworks";
				PRODUCT_NAME = "$(TARGET_NAME)";
			};
			name = Debug;
		};
		C03CC2701ABF55E200D5E6A1 /* Release */ = {
			isa = XCBuildConfiguration;
			buildSettings = {
				ASSETCATALOG_COMPILER_APPICON_NAME = AppIcon;
				INFOPLIST_FILE = tldrCongress/Info.plist;
				LD_RUNPATH_SEARCH_PATHS = "$(inherited) @executable_path/Frameworks";
				PRODUCT_NAME = "$(TARGET_NAME)";
			};
			name = Release;
		};
		C03CC2721ABF55E200D5E6A1 /* Debug */ = {
			isa = XCBuildConfiguration;
			buildSettings = {
				BUNDLE_LOADER = "$(TEST_HOST)";
				FRAMEWORK_SEARCH_PATHS = (
					"$(SDKROOT)/Developer/Library/Frameworks",
					"$(inherited)",
				);
				GCC_PREPROCESSOR_DEFINITIONS = (
					"DEBUG=1",
					"$(inherited)",
				);
				INFOPLIST_FILE = tldrCongressTests/Info.plist;
				LD_RUNPATH_SEARCH_PATHS = "$(inherited) @executable_path/Frameworks @loader_path/Frameworks";
				PRODUCT_NAME = "$(TARGET_NAME)";
				TEST_HOST = "$(BUILT_PRODUCTS_DIR)/tldrCongress.app/tldrCongress";
			};
			name = Debug;
		};
		C03CC2731ABF55E200D5E6A1 /* Release */ = {
			isa = XCBuildConfiguration;
			buildSettings = {
				BUNDLE_LOADER = "$(TEST_HOST)";
				FRAMEWORK_SEARCH_PATHS = (
					"$(SDKROOT)/Developer/Library/Frameworks",
					"$(inherited)",
				);
				INFOPLIST_FILE = tldrCongressTests/Info.plist;
				LD_RUNPATH_SEARCH_PATHS = "$(inherited) @executable_path/Frameworks @loader_path/Frameworks";
				PRODUCT_NAME = "$(TARGET_NAME)";
				TEST_HOST = "$(BUILT_PRODUCTS_DIR)/tldrCongress.app/tldrCongress";
			};
			name = Release;
		};
/* End XCBuildConfiguration section */

/* Begin XCConfigurationList section */
		C03CC2461ABF55E200D5E6A1 /* Build configuration list for PBXProject "tldrCongress" */ = {
			isa = XCConfigurationList;
			buildConfigurations = (
				C03CC26C1ABF55E200D5E6A1 /* Debug */,
				C03CC26D1ABF55E200D5E6A1 /* Release */,
			);
			defaultConfigurationIsVisible = 0;
			defaultConfigurationName = Release;
		};
		C03CC26E1ABF55E200D5E6A1 /* Build configuration list for PBXNativeTarget "tldrCongress" */ = {
			isa = XCConfigurationList;
			buildConfigurations = (
				C03CC26F1ABF55E200D5E6A1 /* Debug */,
				C03CC2701ABF55E200D5E6A1 /* Release */,
			);
			defaultConfigurationIsVisible = 0;
			defaultConfigurationName = Release;
		};
		C03CC2711ABF55E200D5E6A1 /* Build configuration list for PBXNativeTarget "tldrCongressTests" */ = {
			isa = XCConfigurationList;
			buildConfigurations = (
				C03CC2721ABF55E200D5E6A1 /* Debug */,
				C03CC2731ABF55E200D5E6A1 /* Release */,
			);
			defaultConfigurationIsVisible = 0;
			defaultConfigurationName = Release;
		};
/* End XCConfigurationList section */
	};
	rootObject = C03CC2431ABF55E200D5E6A1 /* Project object */;
}
